// !$*UTF8*$!
{
	archiveVersion = 1;
	classes = {
	};
	objectVersion = 51;
	objects = {

/* Begin PBXBuildFile section */
		0E6C7AD626936E18008FC52B /* AppDelegate.swift in Sources */ = {isa = PBXBuildFile; fileRef = 0E6C7AD526936E18008FC52B /* AppDelegate.swift */; };
		0E6C7AD826936E18008FC52B /* SceneDelegate.swift in Sources */ = {isa = PBXBuildFile; fileRef = 0E6C7AD726936E18008FC52B /* SceneDelegate.swift */; };
		0E6C7ADA26936E18008FC52B /* MoviesTableViewController.swift in Sources */ = {isa = PBXBuildFile; fileRef = 0E6C7AD926936E18008FC52B /* MoviesTableViewController.swift */; };
		0E6C7ADD26936E18008FC52B /* Main.storyboard in Resources */ = {isa = PBXBuildFile; fileRef = 0E6C7ADB26936E18008FC52B /* Main.storyboard */; };
		0E6C7ADF26936E19008FC52B /* Assets.xcassets in Resources */ = {isa = PBXBuildFile; fileRef = 0E6C7ADE26936E19008FC52B /* Assets.xcassets */; };
		0E6C7AE226936E19008FC52B /* LaunchScreen.storyboard in Resources */ = {isa = PBXBuildFile; fileRef = 0E6C7AE026936E19008FC52B /* LaunchScreen.storyboard */; };
		0E6C7AEB26937F59008FC52B /* Endpoint.swift in Sources */ = {isa = PBXBuildFile; fileRef = 0E6C7AEA26937F59008FC52B /* Endpoint.swift */; };
		0E7620322693809100E5B689 /* APIError.swift in Sources */ = {isa = PBXBuildFile; fileRef = 0E7620312693809100E5B689 /* APIError.swift */; };
		0E762034269380AD00E5B689 /* API.swift in Sources */ = {isa = PBXBuildFile; fileRef = 0E762033269380AD00E5B689 /* API.swift */; };
		0E7620362693822800E5B689 /* MoviesEndpoint.swift in Sources */ = {isa = PBXBuildFile; fileRef = 0E7620352693822800E5B689 /* MoviesEndpoint.swift */; };
		0E76203B26938A6800E5B689 /* MovieClient.swift in Sources */ = {isa = PBXBuildFile; fileRef = 0E76203A26938A6800E5B689 /* MovieClient.swift */; };
		0E76203D26938ACD00E5B689 /* MovieFilter.swift in Sources */ = {isa = PBXBuildFile; fileRef = 0E76203C26938ACD00E5B689 /* MovieFilter.swift */; };
		0E76203F26938DE700E5B689 /* Movie.swift in Sources */ = {isa = PBXBuildFile; fileRef = 0E76203E26938DE700E5B689 /* Movie.swift */; };
		0E76204126938E5C00E5B689 /* MovieFeedResult.swift in Sources */ = {isa = PBXBuildFile; fileRef = 0E76204026938E5C00E5B689 /* MovieFeedResult.swift */; };
		0E7620432693968A00E5B689 /* MoviesViewModel.swift in Sources */ = {isa = PBXBuildFile; fileRef = 0E7620422693968A00E5B689 /* MoviesViewModel.swift */; };
		0E7620462693971000E5B689 /* MainTabBarViewController.swift in Sources */ = {isa = PBXBuildFile; fileRef = 0E7620452693971000E5B689 /* MainTabBarViewController.swift */; };
		0E76204E2694C69C00E5B689 /* BaseObserver.swift in Sources */ = {isa = PBXBuildFile; fileRef = 0E7620492694C69C00E5B689 /* BaseObserver.swift */; };
		0E76204F2694C69C00E5B689 /* Observer.swift in Sources */ = {isa = PBXBuildFile; fileRef = 0E76204A2694C69C00E5B689 /* Observer.swift */; };
		0E7620502694C69C00E5B689 /* Loadable.swift in Sources */ = {isa = PBXBuildFile; fileRef = 0E76204B2694C69C00E5B689 /* Loadable.swift */; };
		0E7620512694C69C00E5B689 /* Observable.swift in Sources */ = {isa = PBXBuildFile; fileRef = 0E76204C2694C69C00E5B689 /* Observable.swift */; };
		0E7620522694C69C00E5B689 /* ObservableField.swift in Sources */ = {isa = PBXBuildFile; fileRef = 0E76204D2694C69C00E5B689 /* ObservableField.swift */; };
		0E76205F2694C72800E5B689 /* UIImageView.swift in Sources */ = {isa = PBXBuildFile; fileRef = 0E7620572694C72800E5B689 /* UIImageView.swift */; };
		0E7620602694C72800E5B689 /* UIApplication.swift in Sources */ = {isa = PBXBuildFile; fileRef = 0E7620582694C72800E5B689 /* UIApplication.swift */; };
		0E7620612694C72800E5B689 /* UITextField.swift in Sources */ = {isa = PBXBuildFile; fileRef = 0E7620592694C72800E5B689 /* UITextField.swift */; };
		0E7620622694C72800E5B689 /* UIView + Shimmer.swift in Sources */ = {isa = PBXBuildFile; fileRef = 0E76205A2694C72800E5B689 /* UIView + Shimmer.swift */; };
		0E7620632694C72800E5B689 /* UIView.swift in Sources */ = {isa = PBXBuildFile; fileRef = 0E76205B2694C72800E5B689 /* UIView.swift */; };
		0E7620642694C72800E5B689 /* UITableView.swift in Sources */ = {isa = PBXBuildFile; fileRef = 0E76205C2694C72800E5B689 /* UITableView.swift */; };
		0E7620662694C72800E5B689 /* UIViewController.swift in Sources */ = {isa = PBXBuildFile; fileRef = 0E76205E2694C72800E5B689 /* UIViewController.swift */; };
		0E76206A2694C73600E5B689 /* String.swift in Sources */ = {isa = PBXBuildFile; fileRef = 0E7620682694C73600E5B689 /* String.swift */; };
		0E76206B2694C73600E5B689 /* ClassNameProtocol.swift in Sources */ = {isa = PBXBuildFile; fileRef = 0E7620692694C73600E5B689 /* ClassNameProtocol.swift */; };
		0E76206E2694C75700E5B689 /* K.swift in Sources */ = {isa = PBXBuildFile; fileRef = 0E76206D2694C75700E5B689 /* K.swift */; };
		0E7620792694CFE500E5B689 /* Storyboarded.swift in Sources */ = {isa = PBXBuildFile; fileRef = 0E7620782694CFE500E5B689 /* Storyboarded.swift */; };
		0E76207C2694D09E00E5B689 /* MovieTableViewCell.swift in Sources */ = {isa = PBXBuildFile; fileRef = 0E76207A2694D09E00E5B689 /* MovieTableViewCell.swift */; };
		0E76207D2694D09E00E5B689 /* MovieTableViewCell.xib in Resources */ = {isa = PBXBuildFile; fileRef = 0E76207B2694D09E00E5B689 /* MovieTableViewCell.xib */; };
		0E7620812694DE5700E5B689 /* BaseViewModel.swift in Sources */ = {isa = PBXBuildFile; fileRef = 0E7620802694DE5700E5B689 /* BaseViewModel.swift */; };
		61A6BC93AC91612C115C6EF8 /* Pods_Movie_Trailers_App.framework in Frameworks */ = {isa = PBXBuildFile; fileRef = BD22B2AACEA64FAB1F739160 /* Pods_Movie_Trailers_App.framework */; };
/* End PBXBuildFile section */

/* Begin PBXFileReference section */
		0E6C7AD226936E18008FC52B /* Movie Trailers App.app */ = {isa = PBXFileReference; explicitFileType = wrapper.application; includeInIndex = 0; path = "Movie Trailers App.app"; sourceTree = BUILT_PRODUCTS_DIR; };
		0E6C7AD526936E18008FC52B /* AppDelegate.swift */ = {isa = PBXFileReference; lastKnownFileType = sourcecode.swift; path = AppDelegate.swift; sourceTree = "<group>"; };
		0E6C7AD726936E18008FC52B /* SceneDelegate.swift */ = {isa = PBXFileReference; lastKnownFileType = sourcecode.swift; path = SceneDelegate.swift; sourceTree = "<group>"; };
		0E6C7AD926936E18008FC52B /* MoviesTableViewController.swift */ = {isa = PBXFileReference; lastKnownFileType = sourcecode.swift; path = MoviesTableViewController.swift; sourceTree = "<group>"; };
		0E6C7ADC26936E18008FC52B /* Base */ = {isa = PBXFileReference; lastKnownFileType = file.storyboard; name = Base; path = Base.lproj/Main.storyboard; sourceTree = "<group>"; };
		0E6C7ADE26936E19008FC52B /* Assets.xcassets */ = {isa = PBXFileReference; lastKnownFileType = folder.assetcatalog; path = Assets.xcassets; sourceTree = "<group>"; };
		0E6C7AE126936E19008FC52B /* Base */ = {isa = PBXFileReference; lastKnownFileType = file.storyboard; name = Base; path = Base.lproj/LaunchScreen.storyboard; sourceTree = "<group>"; };
		0E6C7AE326936E19008FC52B /* Info.plist */ = {isa = PBXFileReference; lastKnownFileType = text.plist.xml; path = Info.plist; sourceTree = "<group>"; };
		0E6C7AEA26937F59008FC52B /* Endpoint.swift */ = {isa = PBXFileReference; lastKnownFileType = sourcecode.swift; path = Endpoint.swift; sourceTree = "<group>"; };
		0E7620312693809100E5B689 /* APIError.swift */ = {isa = PBXFileReference; lastKnownFileType = sourcecode.swift; path = APIError.swift; sourceTree = "<group>"; };
		0E762033269380AD00E5B689 /* API.swift */ = {isa = PBXFileReference; lastKnownFileType = sourcecode.swift; path = API.swift; sourceTree = "<group>"; };
		0E7620352693822800E5B689 /* MoviesEndpoint.swift */ = {isa = PBXFileReference; lastKnownFileType = sourcecode.swift; path = MoviesEndpoint.swift; sourceTree = "<group>"; };
		0E76203A26938A6800E5B689 /* MovieClient.swift */ = {isa = PBXFileReference; lastKnownFileType = sourcecode.swift; path = MovieClient.swift; sourceTree = "<group>"; };
		0E76203C26938ACD00E5B689 /* MovieFilter.swift */ = {isa = PBXFileReference; lastKnownFileType = sourcecode.swift; path = MovieFilter.swift; sourceTree = "<group>"; };
		0E76203E26938DE700E5B689 /* Movie.swift */ = {isa = PBXFileReference; lastKnownFileType = sourcecode.swift; path = Movie.swift; sourceTree = "<group>"; };
		0E76204026938E5C00E5B689 /* MovieFeedResult.swift */ = {isa = PBXFileReference; lastKnownFileType = sourcecode.swift; path = MovieFeedResult.swift; sourceTree = "<group>"; };
		0E7620422693968A00E5B689 /* MoviesViewModel.swift */ = {isa = PBXFileReference; lastKnownFileType = sourcecode.swift; path = MoviesViewModel.swift; sourceTree = "<group>"; };
		0E7620452693971000E5B689 /* MainTabBarViewController.swift */ = {isa = PBXFileReference; lastKnownFileType = sourcecode.swift; path = MainTabBarViewController.swift; sourceTree = "<group>"; };
		0E7620492694C69C00E5B689 /* BaseObserver.swift */ = {isa = PBXFileReference; fileEncoding = 4; lastKnownFileType = sourcecode.swift; path = BaseObserver.swift; sourceTree = "<group>"; };
		0E76204A2694C69C00E5B689 /* Observer.swift */ = {isa = PBXFileReference; fileEncoding = 4; lastKnownFileType = sourcecode.swift; path = Observer.swift; sourceTree = "<group>"; };
		0E76204B2694C69C00E5B689 /* Loadable.swift */ = {isa = PBXFileReference; fileEncoding = 4; lastKnownFileType = sourcecode.swift; path = Loadable.swift; sourceTree = "<group>"; };
		0E76204C2694C69C00E5B689 /* Observable.swift */ = {isa = PBXFileReference; fileEncoding = 4; lastKnownFileType = sourcecode.swift; path = Observable.swift; sourceTree = "<group>"; };
		0E76204D2694C69C00E5B689 /* ObservableField.swift */ = {isa = PBXFileReference; fileEncoding = 4; lastKnownFileType = sourcecode.swift; path = ObservableField.swift; sourceTree = "<group>"; };
		0E7620572694C72800E5B689 /* UIImageView.swift */ = {isa = PBXFileReference; fileEncoding = 4; lastKnownFileType = sourcecode.swift; path = UIImageView.swift; sourceTree = "<group>"; };
		0E7620582694C72800E5B689 /* UIApplication.swift */ = {isa = PBXFileReference; fileEncoding = 4; lastKnownFileType = sourcecode.swift; path = UIApplication.swift; sourceTree = "<group>"; };
		0E7620592694C72800E5B689 /* UITextField.swift */ = {isa = PBXFileReference; fileEncoding = 4; lastKnownFileType = sourcecode.swift; path = UITextField.swift; sourceTree = "<group>"; };
		0E76205A2694C72800E5B689 /* UIView + Shimmer.swift */ = {isa = PBXFileReference; fileEncoding = 4; lastKnownFileType = sourcecode.swift; path = "UIView + Shimmer.swift"; sourceTree = "<group>"; };
		0E76205B2694C72800E5B689 /* UIView.swift */ = {isa = PBXFileReference; fileEncoding = 4; lastKnownFileType = sourcecode.swift; path = UIView.swift; sourceTree = "<group>"; };
		0E76205C2694C72800E5B689 /* UITableView.swift */ = {isa = PBXFileReference; fileEncoding = 4; lastKnownFileType = sourcecode.swift; path = UITableView.swift; sourceTree = "<group>"; };
		0E76205E2694C72800E5B689 /* UIViewController.swift */ = {isa = PBXFileReference; fileEncoding = 4; lastKnownFileType = sourcecode.swift; path = UIViewController.swift; sourceTree = "<group>"; };
		0E7620682694C73600E5B689 /* String.swift */ = {isa = PBXFileReference; fileEncoding = 4; lastKnownFileType = sourcecode.swift; path = String.swift; sourceTree = "<group>"; };
		0E7620692694C73600E5B689 /* ClassNameProtocol.swift */ = {isa = PBXFileReference; fileEncoding = 4; lastKnownFileType = sourcecode.swift; path = ClassNameProtocol.swift; sourceTree = "<group>"; };
		0E76206D2694C75700E5B689 /* K.swift */ = {isa = PBXFileReference; lastKnownFileType = sourcecode.swift; path = K.swift; sourceTree = "<group>"; };
		0E7620782694CFE500E5B689 /* Storyboarded.swift */ = {isa = PBXFileReference; fileEncoding = 4; lastKnownFileType = sourcecode.swift; path = Storyboarded.swift; sourceTree = "<group>"; };
		0E76207A2694D09E00E5B689 /* MovieTableViewCell.swift */ = {isa = PBXFileReference; lastKnownFileType = sourcecode.swift; path = MovieTableViewCell.swift; sourceTree = "<group>"; };
		0E76207B2694D09E00E5B689 /* MovieTableViewCell.xib */ = {isa = PBXFileReference; lastKnownFileType = file.xib; path = MovieTableViewCell.xib; sourceTree = "<group>"; };
		0E7620802694DE5700E5B689 /* BaseViewModel.swift */ = {isa = PBXFileReference; fileEncoding = 4; lastKnownFileType = sourcecode.swift; path = BaseViewModel.swift; sourceTree = "<group>"; };
		193CBDF9AC99EEB940C9B96D /* Pods-Movie Trailers App.debug.xcconfig */ = {isa = PBXFileReference; includeInIndex = 1; lastKnownFileType = text.xcconfig; name = "Pods-Movie Trailers App.debug.xcconfig"; path = "Target Support Files/Pods-Movie Trailers App/Pods-Movie Trailers App.debug.xcconfig"; sourceTree = "<group>"; };
		9B303D491C442AA02902426A /* Pods-Movie Trailers App.release.xcconfig */ = {isa = PBXFileReference; includeInIndex = 1; lastKnownFileType = text.xcconfig; name = "Pods-Movie Trailers App.release.xcconfig"; path = "Target Support Files/Pods-Movie Trailers App/Pods-Movie Trailers App.release.xcconfig"; sourceTree = "<group>"; };
		BD22B2AACEA64FAB1F739160 /* Pods_Movie_Trailers_App.framework */ = {isa = PBXFileReference; explicitFileType = wrapper.framework; includeInIndex = 0; path = Pods_Movie_Trailers_App.framework; sourceTree = BUILT_PRODUCTS_DIR; };
/* End PBXFileReference section */

/* Begin PBXFrameworksBuildPhase section */
		0E6C7ACF26936E18008FC52B /* Frameworks */ = {
			isa = PBXFrameworksBuildPhase;
			buildActionMask = 2147483647;
			files = (
				61A6BC93AC91612C115C6EF8 /* Pods_Movie_Trailers_App.framework in Frameworks */,
			);
			runOnlyForDeploymentPostprocessing = 0;
		};
/* End PBXFrameworksBuildPhase section */

/* Begin PBXGroup section */
		0E6C7AC926936E18008FC52B = {
			isa = PBXGroup;
			children = (
				0E6C7AD426936E18008FC52B /* Movie Trailers App */,
				0E6C7AD326936E18008FC52B /* Products */,
				2AD2D6763F296B4B19A1A14B /* Pods */,
				D4905CFB92249D4D637ECD34 /* Frameworks */,
			);
			sourceTree = "<group>";
		};
		0E6C7AD326936E18008FC52B /* Products */ = {
			isa = PBXGroup;
			children = (
				0E6C7AD226936E18008FC52B /* Movie Trailers App.app */,
			);
			name = Products;
			sourceTree = "<group>";
		};
		0E6C7AD426936E18008FC52B /* Movie Trailers App */ = {
			isa = PBXGroup;
			children = (
				0E76206C2694C74E00E5B689 /* Constants */,
				0E7620532694C70700E5B689 /* Extenstions */,
				0E7620472694C68B00E5B689 /* Base Classes */,
				0E6C7AE926937F3E008FC52B /* Networking */,
				0E7620372693898E00E5B689 /* Controllers */,
				0E6C7AD526936E18008FC52B /* AppDelegate.swift */,
				0E6C7AD726936E18008FC52B /* SceneDelegate.swift */,
				0E6C7ADB26936E18008FC52B /* Main.storyboard */,
				0E6C7ADE26936E19008FC52B /* Assets.xcassets */,
				0E6C7AE026936E19008FC52B /* LaunchScreen.storyboard */,
				0E6C7AE326936E19008FC52B /* Info.plist */,
			);
			path = "Movie Trailers App";
			sourceTree = "<group>";
		};
		0E6C7AE926937F3E008FC52B /* Networking */ = {
			isa = PBXGroup;
			children = (
				0E6C7AEA26937F59008FC52B /* Endpoint.swift */,
				0E7620312693809100E5B689 /* APIError.swift */,
				0E762033269380AD00E5B689 /* API.swift */,
				0E7620352693822800E5B689 /* MoviesEndpoint.swift */,
			);
			path = Networking;
			sourceTree = "<group>";
		};
		0E7620372693898E00E5B689 /* Controllers */ = {
			isa = PBXGroup;
			children = (
				0E76203926938A4E00E5B689 /* Model */,
				0E762044269396F900E5B689 /* Main Tab Bar Controller */,
				0E762038269389A600E5B689 /* Movies List */,
			);
			path = Controllers;
			sourceTree = "<group>";
		};
		0E762038269389A600E5B689 /* Movies List */ = {
			isa = PBXGroup;
			children = (
				0E6C7AD926936E18008FC52B /* MoviesTableViewController.swift */,
				0E76207A2694D09E00E5B689 /* MovieTableViewCell.swift */,
				0E76207B2694D09E00E5B689 /* MovieTableViewCell.xib */,
			);
			path = "Movies List";
			sourceTree = "<group>";
		};
		0E76203926938A4E00E5B689 /* Model */ = {
			isa = PBXGroup;
			children = (
				0E76203A26938A6800E5B689 /* MovieClient.swift */,
				0E76203C26938ACD00E5B689 /* MovieFilter.swift */,
				0E76203E26938DE700E5B689 /* Movie.swift */,
				0E76204026938E5C00E5B689 /* MovieFeedResult.swift */,
				0E7620422693968A00E5B689 /* MoviesViewModel.swift */,
			);
			path = Model;
			sourceTree = "<group>";
		};
		0E762044269396F900E5B689 /* Main Tab Bar Controller */ = {
			isa = PBXGroup;
			children = (
				0E7620452693971000E5B689 /* MainTabBarViewController.swift */,
			);
			path = "Main Tab Bar Controller";
			sourceTree = "<group>";
		};
		0E7620472694C68B00E5B689 /* Base Classes */ = {
			isa = PBXGroup;
			children = (
				0E7620482694C69400E5B689 /* Observer */,
				0E7620782694CFE500E5B689 /* Storyboarded.swift */,
				0E7620802694DE5700E5B689 /* BaseViewModel.swift */,
			);
			path = "Base Classes";
			sourceTree = "<group>";
		};
		0E7620482694C69400E5B689 /* Observer */ = {
			isa = PBXGroup;
			children = (
				0E7620492694C69C00E5B689 /* BaseObserver.swift */,
				0E76204B2694C69C00E5B689 /* Loadable.swift */,
				0E76204C2694C69C00E5B689 /* Observable.swift */,
				0E76204D2694C69C00E5B689 /* ObservableField.swift */,
				0E76204A2694C69C00E5B689 /* Observer.swift */,
			);
			path = Observer;
			sourceTree = "<group>";
		};
		0E7620532694C70700E5B689 /* Extenstions */ = {
			isa = PBXGroup;
			children = (
				0E7620672694C72B00E5B689 /* Foundation */,
				0E7620562694C71E00E5B689 /* UIKit */,
			);
			path = Extenstions;
			sourceTree = "<group>";
		};
		0E7620562694C71E00E5B689 /* UIKit */ = {
			isa = PBXGroup;
			children = (
				0E7620582694C72800E5B689 /* UIApplication.swift */,
				0E7620572694C72800E5B689 /* UIImageView.swift */,
				0E76205C2694C72800E5B689 /* UITableView.swift */,
				0E7620592694C72800E5B689 /* UITextField.swift */,
				0E76205A2694C72800E5B689 /* UIView + Shimmer.swift */,
				0E76205B2694C72800E5B689 /* UIView.swift */,
				0E76205E2694C72800E5B689 /* UIViewController.swift */,
			);
			path = UIKit;
			sourceTree = "<group>";
		};
		0E7620672694C72B00E5B689 /* Foundation */ = {
			isa = PBXGroup;
			children = (
				0E7620692694C73600E5B689 /* ClassNameProtocol.swift */,
				0E7620682694C73600E5B689 /* String.swift */,
			);
			path = Foundation;
			sourceTree = "<group>";
		};
		0E76206C2694C74E00E5B689 /* Constants */ = {
			isa = PBXGroup;
			children = (
				0E76206D2694C75700E5B689 /* K.swift */,
			);
			path = Constants;
			sourceTree = "<group>";
		};
		2AD2D6763F296B4B19A1A14B /* Pods */ = {
			isa = PBXGroup;
			children = (
				193CBDF9AC99EEB940C9B96D /* Pods-Movie Trailers App.debug.xcconfig */,
				9B303D491C442AA02902426A /* Pods-Movie Trailers App.release.xcconfig */,
			);
			path = Pods;
			sourceTree = "<group>";
		};
		D4905CFB92249D4D637ECD34 /* Frameworks */ = {
			isa = PBXGroup;
			children = (
				BD22B2AACEA64FAB1F739160 /* Pods_Movie_Trailers_App.framework */,
			);
			name = Frameworks;
			sourceTree = "<group>";
		};
/* End PBXGroup section */

/* Begin PBXNativeTarget section */
		0E6C7AD126936E18008FC52B /* Movie Trailers App */ = {
			isa = PBXNativeTarget;
			buildConfigurationList = 0E6C7AE626936E19008FC52B /* Build configuration list for PBXNativeTarget "Movie Trailers App" */;
			buildPhases = (
				4C14F60049BC6BDDDDB23495 /* [CP] Check Pods Manifest.lock */,
				0E6C7ACE26936E18008FC52B /* Sources */,
				0E6C7ACF26936E18008FC52B /* Frameworks */,
				0E6C7AD026936E18008FC52B /* Resources */,
				BDB540303C338440D9818057 /* [CP] Embed Pods Frameworks */,
			);
			buildRules = (
			);
			dependencies = (
			);
			name = "Movie Trailers App";
			productName = "Movie Trailers App";
			productReference = 0E6C7AD226936E18008FC52B /* Movie Trailers App.app */;
			productType = "com.apple.product-type.application";
		};
/* End PBXNativeTarget section */

/* Begin PBXProject section */
		0E6C7ACA26936E18008FC52B /* Project object */ = {
			isa = PBXProject;
			attributes = {
				LastSwiftUpdateCheck = 1250;
				LastUpgradeCheck = 1250;
				TargetAttributes = {
					0E6C7AD126936E18008FC52B = {
						CreatedOnToolsVersion = 12.5;
					};
				};
			};
			buildConfigurationList = 0E6C7ACD26936E18008FC52B /* Build configuration list for PBXProject "Movie Trailers App" */;
			compatibilityVersion = "Xcode 9.3";
			developmentRegion = en;
			hasScannedForEncodings = 0;
			knownRegions = (
				en,
				Base,
			);
			mainGroup = 0E6C7AC926936E18008FC52B;
			productRefGroup = 0E6C7AD326936E18008FC52B /* Products */;
			projectDirPath = "";
			projectRoot = "";
			targets = (
				0E6C7AD126936E18008FC52B /* Movie Trailers App */,
			);
		};
/* End PBXProject section */

/* Begin PBXResourcesBuildPhase section */
		0E6C7AD026936E18008FC52B /* Resources */ = {
			isa = PBXResourcesBuildPhase;
			buildActionMask = 2147483647;
			files = (
				0E6C7AE226936E19008FC52B /* LaunchScreen.storyboard in Resources */,
				0E6C7ADF26936E19008FC52B /* Assets.xcassets in Resources */,
				0E76207D2694D09E00E5B689 /* MovieTableViewCell.xib in Resources */,
				0E6C7ADD26936E18008FC52B /* Main.storyboard in Resources */,
			);
			runOnlyForDeploymentPostprocessing = 0;
		};
/* End PBXResourcesBuildPhase section */

/* Begin PBXShellScriptBuildPhase section */
		4C14F60049BC6BDDDDB23495 /* [CP] Check Pods Manifest.lock */ = {
			isa = PBXShellScriptBuildPhase;
			buildActionMask = 2147483647;
			files = (
			);
			inputFileListPaths = (
			);
			inputPaths = (
				"${PODS_PODFILE_DIR_PATH}/Podfile.lock",
				"${PODS_ROOT}/Manifest.lock",
			);
			name = "[CP] Check Pods Manifest.lock";
			outputFileListPaths = (
			);
			outputPaths = (
				"$(DERIVED_FILE_DIR)/Pods-Movie Trailers App-checkManifestLockResult.txt",
			);
			runOnlyForDeploymentPostprocessing = 0;
			shellPath = /bin/sh;
			shellScript = "diff \"${PODS_PODFILE_DIR_PATH}/Podfile.lock\" \"${PODS_ROOT}/Manifest.lock\" > /dev/null\nif [ $? != 0 ] ; then\n    # print error to STDERR\n    echo \"error: The sandbox is not in sync with the Podfile.lock. Run 'pod install' or update your CocoaPods installation.\" >&2\n    exit 1\nfi\n# This output is used by Xcode 'outputs' to avoid re-running this script phase.\necho \"SUCCESS\" > \"${SCRIPT_OUTPUT_FILE_0}\"\n";
			showEnvVarsInLog = 0;
		};
		BDB540303C338440D9818057 /* [CP] Embed Pods Frameworks */ = {
			isa = PBXShellScriptBuildPhase;
			buildActionMask = 2147483647;
			files = (
			);
			inputFileListPaths = (
				"${PODS_ROOT}/Target Support Files/Pods-Movie Trailers App/Pods-Movie Trailers App-frameworks-${CONFIGURATION}-input-files.xcfilelist",
			);
			name = "[CP] Embed Pods Frameworks";
			outputFileListPaths = (
				"${PODS_ROOT}/Target Support Files/Pods-Movie Trailers App/Pods-Movie Trailers App-frameworks-${CONFIGURATION}-output-files.xcfilelist",
			);
			runOnlyForDeploymentPostprocessing = 0;
			shellPath = /bin/sh;
			shellScript = "\"${PODS_ROOT}/Target Support Files/Pods-Movie Trailers App/Pods-Movie Trailers App-frameworks.sh\"\n";
			showEnvVarsInLog = 0;
		};
/* End PBXShellScriptBuildPhase section */

/* Begin PBXSourcesBuildPhase section */
		0E6C7ACE26936E18008FC52B /* Sources */ = {
			isa = PBXSourcesBuildPhase;
			buildActionMask = 2147483647;
			files = (
				0E7620362693822800E5B689 /* MoviesEndpoint.swift in Sources */,
				0E76204F2694C69C00E5B689 /* Observer.swift in Sources */,
				0E76206B2694C73600E5B689 /* ClassNameProtocol.swift in Sources */,
				0E76207C2694D09E00E5B689 /* MovieTableViewCell.swift in Sources */,
				0E76206A2694C73600E5B689 /* String.swift in Sources */,
				0E7620612694C72800E5B689 /* UITextField.swift in Sources */,
				0E6C7ADA26936E18008FC52B /* MoviesTableViewController.swift in Sources */,
				0E7620622694C72800E5B689 /* UIView + Shimmer.swift in Sources */,
				0E7620642694C72800E5B689 /* UITableView.swift in Sources */,
				0E6C7AD626936E18008FC52B /* AppDelegate.swift in Sources */,
				0E76203B26938A6800E5B689 /* MovieClient.swift in Sources */,
				0E7620632694C72800E5B689 /* UIView.swift in Sources */,
				0E76204E2694C69C00E5B689 /* BaseObserver.swift in Sources */,
				0E76203F26938DE700E5B689 /* Movie.swift in Sources */,
				0E6C7AEB26937F59008FC52B /* Endpoint.swift in Sources */,
				0E76206E2694C75700E5B689 /* K.swift in Sources */,
				0E7620602694C72800E5B689 /* UIApplication.swift in Sources */,
				0E7620792694CFE500E5B689 /* Storyboarded.swift in Sources */,
				0E7620322693809100E5B689 /* APIError.swift in Sources */,
				0E7620522694C69C00E5B689 /* ObservableField.swift in Sources */,
				0E7620812694DE5700E5B689 /* BaseViewModel.swift in Sources */,
				0E7620462693971000E5B689 /* MainTabBarViewController.swift in Sources */,
				0E7620432693968A00E5B689 /* MoviesViewModel.swift in Sources */,
				0E76205F2694C72800E5B689 /* UIImageView.swift in Sources */,
				0E76204126938E5C00E5B689 /* MovieFeedResult.swift in Sources */,
				0E7620662694C72800E5B689 /* UIViewController.swift in Sources */,
				0E7620512694C69C00E5B689 /* Observable.swift in Sources */,
				0E762034269380AD00E5B689 /* API.swift in Sources */,
				0E7620502694C69C00E5B689 /* Loadable.swift in Sources */,
				0E76203D26938ACD00E5B689 /* MovieFilter.swift in Sources */,
				0E6C7AD826936E18008FC52B /* SceneDelegate.swift in Sources */,
			);
			runOnlyForDeploymentPostprocessing = 0;
		};
/* End PBXSourcesBuildPhase section */

/* Begin PBXVariantGroup section */
		0E6C7ADB26936E18008FC52B /* Main.storyboard */ = {
			isa = PBXVariantGroup;
			children = (
				0E6C7ADC26936E18008FC52B /* Base */,
			);
			name = Main.storyboard;
			sourceTree = "<group>";
		};
		0E6C7AE026936E19008FC52B /* LaunchScreen.storyboard */ = {
			isa = PBXVariantGroup;
			children = (
				0E6C7AE126936E19008FC52B /* Base */,
			);
			name = LaunchScreen.storyboard;
			sourceTree = "<group>";
		};
/* End PBXVariantGroup section */

/* Begin XCBuildConfiguration section */
		0E6C7AE426936E19008FC52B /* Debug */ = {
			isa = XCBuildConfiguration;
			buildSettings = {
				ALWAYS_SEARCH_USER_PATHS = NO;
				CLANG_ANALYZER_NONNULL = YES;
				CLANG_ANALYZER_NUMBER_OBJECT_CONVERSION = YES_AGGRESSIVE;
				CLANG_CXX_LANGUAGE_STANDARD = "gnu++14";
				CLANG_CXX_LIBRARY = "libc++";
				CLANG_ENABLE_MODULES = YES;
				CLANG_ENABLE_OBJC_ARC = YES;
				CLANG_ENABLE_OBJC_WEAK = YES;
				CLANG_WARN_BLOCK_CAPTURE_AUTORELEASING = YES;
				CLANG_WARN_BOOL_CONVERSION = YES;
				CLANG_WARN_COMMA = YES;
				CLANG_WARN_CONSTANT_CONVERSION = YES;
				CLANG_WARN_DEPRECATED_OBJC_IMPLEMENTATIONS = YES;
				CLANG_WARN_DIRECT_OBJC_ISA_USAGE = YES_ERROR;
				CLANG_WARN_DOCUMENTATION_COMMENTS = YES;
				CLANG_WARN_EMPTY_BODY = YES;
				CLANG_WARN_ENUM_CONVERSION = YES;
				CLANG_WARN_INFINITE_RECURSION = YES;
				CLANG_WARN_INT_CONVERSION = YES;
				CLANG_WARN_NON_LITERAL_NULL_CONVERSION = YES;
				CLANG_WARN_OBJC_IMPLICIT_RETAIN_SELF = YES;
				CLANG_WARN_OBJC_LITERAL_CONVERSION = YES;
				CLANG_WARN_OBJC_ROOT_CLASS = YES_ERROR;
				CLANG_WARN_QUOTED_INCLUDE_IN_FRAMEWORK_HEADER = YES;
				CLANG_WARN_RANGE_LOOP_ANALYSIS = YES;
				CLANG_WARN_STRICT_PROTOTYPES = YES;
				CLANG_WARN_SUSPICIOUS_MOVE = YES;
				CLANG_WARN_UNGUARDED_AVAILABILITY = YES_AGGRESSIVE;
				CLANG_WARN_UNREACHABLE_CODE = YES;
				CLANG_WARN__DUPLICATE_METHOD_MATCH = YES;
				COPY_PHASE_STRIP = NO;
				DEBUG_INFORMATION_FORMAT = dwarf;
				ENABLE_STRICT_OBJC_MSGSEND = YES;
				ENABLE_TESTABILITY = YES;
				GCC_C_LANGUAGE_STANDARD = gnu11;
				GCC_DYNAMIC_NO_PIC = NO;
				GCC_NO_COMMON_BLOCKS = YES;
				GCC_OPTIMIZATION_LEVEL = 0;
				GCC_PREPROCESSOR_DEFINITIONS = (
					"DEBUG=1",
					"$(inherited)",
				);
				GCC_WARN_64_TO_32_BIT_CONVERSION = YES;
				GCC_WARN_ABOUT_RETURN_TYPE = YES_ERROR;
				GCC_WARN_UNDECLARED_SELECTOR = YES;
				GCC_WARN_UNINITIALIZED_AUTOS = YES_AGGRESSIVE;
				GCC_WARN_UNUSED_FUNCTION = YES;
				GCC_WARN_UNUSED_VARIABLE = YES;
				IPHONEOS_DEPLOYMENT_TARGET = 14.5;
				MTL_ENABLE_DEBUG_INFO = INCLUDE_SOURCE;
				MTL_FAST_MATH = YES;
				ONLY_ACTIVE_ARCH = YES;
				SDKROOT = iphoneos;
				SWIFT_ACTIVE_COMPILATION_CONDITIONS = DEBUG;
				SWIFT_OPTIMIZATION_LEVEL = "-Onone";
			};
			name = Debug;
		};
		0E6C7AE526936E19008FC52B /* Release */ = {
			isa = XCBuildConfiguration;
			buildSettings = {
				ALWAYS_SEARCH_USER_PATHS = NO;
				CLANG_ANALYZER_NONNULL = YES;
				CLANG_ANALYZER_NUMBER_OBJECT_CONVERSION = YES_AGGRESSIVE;
				CLANG_CXX_LANGUAGE_STANDARD = "gnu++14";
				CLANG_CXX_LIBRARY = "libc++";
				CLANG_ENABLE_MODULES = YES;
				CLANG_ENABLE_OBJC_ARC = YES;
				CLANG_ENABLE_OBJC_WEAK = YES;
				CLANG_WARN_BLOCK_CAPTURE_AUTORELEASING = YES;
				CLANG_WARN_BOOL_CONVERSION = YES;
				CLANG_WARN_COMMA = YES;
				CLANG_WARN_CONSTANT_CONVERSION = YES;
				CLANG_WARN_DEPRECATED_OBJC_IMPLEMENTATIONS = YES;
				CLANG_WARN_DIRECT_OBJC_ISA_USAGE = YES_ERROR;
				CLANG_WARN_DOCUMENTATION_COMMENTS = YES;
				CLANG_WARN_EMPTY_BODY = YES;
				CLANG_WARN_ENUM_CONVERSION = YES;
				CLANG_WARN_INFINITE_RECURSION = YES;
				CLANG_WARN_INT_CONVERSION = YES;
				CLANG_WARN_NON_LITERAL_NULL_CONVERSION = YES;
				CLANG_WARN_OBJC_IMPLICIT_RETAIN_SELF = YES;
				CLANG_WARN_OBJC_LITERAL_CONVERSION = YES;
				CLANG_WARN_OBJC_ROOT_CLASS = YES_ERROR;
				CLANG_WARN_QUOTED_INCLUDE_IN_FRAMEWORK_HEADER = YES;
				CLANG_WARN_RANGE_LOOP_ANALYSIS = YES;
				CLANG_WARN_STRICT_PROTOTYPES = YES;
				CLANG_WARN_SUSPICIOUS_MOVE = YES;
				CLANG_WARN_UNGUARDED_AVAILABILITY = YES_AGGRESSIVE;
				CLANG_WARN_UNREACHABLE_CODE = YES;
				CLANG_WARN__DUPLICATE_METHOD_MATCH = YES;
				COPY_PHASE_STRIP = NO;
				DEBUG_INFORMATION_FORMAT = "dwarf-with-dsym";
				ENABLE_NS_ASSERTIONS = NO;
				ENABLE_STRICT_OBJC_MSGSEND = YES;
				GCC_C_LANGUAGE_STANDARD = gnu11;
				GCC_NO_COMMON_BLOCKS = YES;
				GCC_WARN_64_TO_32_BIT_CONVERSION = YES;
				GCC_WARN_ABOUT_RETURN_TYPE = YES_ERROR;
				GCC_WARN_UNDECLARED_SELECTOR = YES;
				GCC_WARN_UNINITIALIZED_AUTOS = YES_AGGRESSIVE;
				GCC_WARN_UNUSED_FUNCTION = YES;
				GCC_WARN_UNUSED_VARIABLE = YES;
				IPHONEOS_DEPLOYMENT_TARGET = 14.5;
				MTL_ENABLE_DEBUG_INFO = NO;
				MTL_FAST_MATH = YES;
				SDKROOT = iphoneos;
				SWIFT_COMPILATION_MODE = wholemodule;
				SWIFT_OPTIMIZATION_LEVEL = "-O";
				VALIDATE_PRODUCT = YES;
			};
			name = Release;
		};
		0E6C7AE726936E19008FC52B /* Debug */ = {
			isa = XCBuildConfiguration;
			baseConfigurationReference = 193CBDF9AC99EEB940C9B96D /* Pods-Movie Trailers App.debug.xcconfig */;
			buildSettings = {
				ASSETCATALOG_COMPILER_APPICON_NAME = AppIcon;
				ASSETCATALOG_COMPILER_GLOBAL_ACCENT_COLOR_NAME = AccentColor;
				CODE_SIGN_STYLE = Automatic;
				DEVELOPMENT_TEAM = 5U9BK45TVP;
				INFOPLIST_FILE = "Movie Trailers App/Info.plist";
				LD_RUNPATH_SEARCH_PATHS = (
					"$(inherited)",
					"@executable_path/Frameworks",
				);
				PRODUCT_BUNDLE_IDENTIFIER = "com.zivnergal.Movie-Trailers-App";
				PRODUCT_NAME = "$(TARGET_NAME)";
				SWIFT_VERSION = 5.0;
				TARGETED_DEVICE_FAMILY = "1,2";
			};
			name = Debug;
		};
		0E6C7AE826936E19008FC52B /* Release */ = {
			isa = XCBuildConfiguration;
			baseConfigurationReference = 9B303D491C442AA02902426A /* Pods-Movie Trailers App.release.xcconfig */;
			buildSettings = {
				ASSETCATALOG_COMPILER_APPICON_NAME = AppIcon;
				ASSETCATALOG_COMPILER_GLOBAL_ACCENT_COLOR_NAME = AccentColor;
				CODE_SIGN_STYLE = Automatic;
				DEVELOPMENT_TEAM = 5U9BK45TVP;
				INFOPLIST_FILE = "Movie Trailers App/Info.plist";
				LD_RUNPATH_SEARCH_PATHS = (
					"$(inherited)",
					"@executable_path/Frameworks",
				);
				PRODUCT_BUNDLE_IDENTIFIER = "com.zivnergal.Movie-Trailers-App";
				PRODUCT_NAME = "$(TARGET_NAME)";
				SWIFT_VERSION = 5.0;
				TARGETED_DEVICE_FAMILY = "1,2";
			};
			name = Release;
		};
/* End XCBuildConfiguration section */

/* Begin XCConfigurationList section */
		0E6C7ACD26936E18008FC52B /* Build configuration list for PBXProject "Movie Trailers App" */ = {
			isa = XCConfigurationList;
			buildConfigurations = (
				0E6C7AE426936E19008FC52B /* Debug */,
				0E6C7AE526936E19008FC52B /* Release */,
			);
			defaultConfigurationIsVisible = 0;
			defaultConfigurationName = Release;
		};
		0E6C7AE626936E19008FC52B /* Build configuration list for PBXNativeTarget "Movie Trailers App" */ = {
			isa = XCConfigurationList;
			buildConfigurations = (
				0E6C7AE726936E19008FC52B /* Debug */,
				0E6C7AE826936E19008FC52B /* Release */,
			);
			defaultConfigurationIsVisible = 0;
			defaultConfigurationName = Release;
		};
/* End XCConfigurationList section */
	};
	rootObject = 0E6C7ACA26936E18008FC52B /* Project object */;
}
